// !$*UTF8*$!
{
	archiveVersion = 1;
	classes = {
	};
	objectVersion = 77;
	objects = {

/* Begin PBXContainerItemProxy section */
		F538B9C32CA3290B00AC11B3 /* PBXContainerItemProxy */ = {
			isa = PBXContainerItemProxy;
			containerPortal = F538B9AA2CA3290A00AC11B3 /* Project object */;
			proxyType = 1;
			remoteGlobalIDString = F538B9B12CA3290A00AC11B3;
			remoteInfo = music_player_UI;
		};
		F538B9CD2CA3290B00AC11B3 /* PBXContainerItemProxy */ = {
			isa = PBXContainerItemProxy;
			containerPortal = F538B9AA2CA3290A00AC11B3 /* Project object */;
			proxyType = 1;
			remoteGlobalIDString = F538B9B12CA3290A00AC11B3;
			remoteInfo = music_player_UI;
		};
/* End PBXContainerItemProxy section */

/* Begin PBXFileReference section */
		F538B9B22CA3290A00AC11B3 /* music_player_UI.app */ = {isa = PBXFileReference; explicitFileType = wrapper.application; includeInIndex = 0; path = music_player_UI.app; sourceTree = BUILT_PRODUCTS_DIR; };
		F538B9C22CA3290B00AC11B3 /* music_player_UITests.xctest */ = {isa = PBXFileReference; explicitFileType = wrapper.cfbundle; includeInIndex = 0; path = music_player_UITests.xctest; sourceTree = BUILT_PRODUCTS_DIR; };
		F538B9CC2CA3290B00AC11B3 /* music_player_UIUITests.xctest */ = {isa = PBXFileReference; explicitFileType = wrapper.cfbundle; includeInIndex = 0; path = music_player_UIUITests.xctest; sourceTree = BUILT_PRODUCTS_DIR; };
/* End PBXFileReference section */

/* Begin PBXFileSystemSynchronizedRootGroup section */
		F538B9B42CA3290A00AC11B3 /* music_player_UI */ = {
			isa = PBXFileSystemSynchronizedRootGroup;
			path = music_player_UI;
			sourceTree = "<group>";
		};
		F538B9C52CA3290B00AC11B3 /* music_player_UITests */ = {
			isa = PBXFileSystemSynchronizedRootGroup;
			path = music_player_UITests;
			sourceTree = "<group>";
		};
		F538B9CF2CA3290B00AC11B3 /* music_player_UIUITests */ = {
			isa = PBXFileSystemSynchronizedRootGroup;
			path = music_player_UIUITests;
			sourceTree = "<group>";
		};
/* End PBXFileSystemSynchronizedRootGroup section */

/* Begin PBXFrameworksBuildPhase section */
		F538B9AF2CA3290A00AC11B3 /* Frameworks */ = {
			isa = PBXFrameworksBuildPhase;
			buildActionMask = 2147483647;
			files = (
			);
			runOnlyForDeploymentPostprocessing = 0;
		};
		F538B9BF2CA3290B00AC11B3 /* Frameworks */ = {
			isa = PBXFrameworksBuildPhase;
			buildActionMask = 2147483647;
			files = (
			);
			runOnlyForDeploymentPostprocessing = 0;
		};
		F538B9C92CA3290B00AC11B3 /* Frameworks */ = {
			isa = PBXFrameworksBuildPhase;
			buildActionMask = 2147483647;
			files = (
			);
			runOnlyForDeploymentPostprocessing = 0;
		};
/* End PBXFrameworksBuildPhase section */

/* Begin PBXGroup section */
		F538B9A92CA3290A00AC11B3 = {
			isa = PBXGroup;
			children = (
				F538B9B42CA3290A00AC11B3 /* music_player_UI */,
				F538B9C52CA3290B00AC11B3 /* music_player_UITests */,
				F538B9CF2CA3290B00AC11B3 /* music_player_UIUITests */,
				F538B9B32CA3290A00AC11B3 /* Products */,
			);
			sourceTree = "<group>";
		};
		F538B9B32CA3290A00AC11B3 /* Products */ = {
			isa = PBXGroup;
			children = (
				F538B9B22CA3290A00AC11B3 /* music_player_UI.app */,
				F538B9C22CA3290B00AC11B3 /* music_player_UITests.xctest */,
				F538B9CC2CA3290B00AC11B3 /* music_player_UIUITests.xctest */,
			);
			name = Products;
			sourceTree = "<group>";
		};
/* End PBXGroup section */

/* Begin PBXNativeTarget section */
		F538B9B12CA3290A00AC11B3 /* music_player_UI */ = {
			isa = PBXNativeTarget;
			buildConfigurationList = F538B9D62CA3290B00AC11B3 /* Build configuration list for PBXNativeTarget "music_player_UI" */;
			buildPhases = (
				F538B9AE2CA3290A00AC11B3 /* Sources */,
				F538B9AF2CA3290A00AC11B3 /* Frameworks */,
				F538B9B02CA3290A00AC11B3 /* Resources */,
			);
			buildRules = (
			);
			dependencies = (
			);
			fileSystemSynchronizedGroups = (
				F538B9B42CA3290A00AC11B3 /* music_player_UI */,
			);
			name = music_player_UI;
			packageProductDependencies = (
			);
			productName = music_player_UI;
			productReference = F538B9B22CA3290A00AC11B3 /* music_player_UI.app */;
			productType = "com.apple.product-type.application";
		};
		F538B9C12CA3290B00AC11B3 /* music_player_UITests */ = {
			isa = PBXNativeTarget;
			buildConfigurationList = F538B9D92CA3290B00AC11B3 /* Build configuration list for PBXNativeTarget "music_player_UITests" */;
			buildPhases = (
				F538B9BE2CA3290B00AC11B3 /* Sources */,
				F538B9BF2CA3290B00AC11B3 /* Frameworks */,
				F538B9C02CA3290B00AC11B3 /* Resources */,
			);
			buildRules = (
			);
			dependencies = (
				F538B9C42CA3290B00AC11B3 /* PBXTargetDependency */,
			);
			fileSystemSynchronizedGroups = (
				F538B9C52CA3290B00AC11B3 /* music_player_UITests */,
			);
			name = music_player_UITests;
			packageProductDependencies = (
			);
			productName = music_player_UITests;
			productReference = F538B9C22CA3290B00AC11B3 /* music_player_UITests.xctest */;
			productType = "com.apple.product-type.bundle.unit-test";
		};
		F538B9CB2CA3290B00AC11B3 /* music_player_UIUITests */ = {
			isa = PBXNativeTarget;
			buildConfigurationList = F538B9DC2CA3290B00AC11B3 /* Build configuration list for PBXNativeTarget "music_player_UIUITests" */;
			buildPhases = (
				F538B9C82CA3290B00AC11B3 /* Sources */,
				F538B9C92CA3290B00AC11B3 /* Frameworks */,
				F538B9CA2CA3290B00AC11B3 /* Resources */,
			);
			buildRules = (
			);
			dependencies = (
				F538B9CE2CA3290B00AC11B3 /* PBXTargetDependency */,
			);
			fileSystemSynchronizedGroups = (
				F538B9CF2CA3290B00AC11B3 /* music_player_UIUITests */,
			);
			name = music_player_UIUITests;
			packageProductDependencies = (
			);
			productName = music_player_UIUITests;
			productReference = F538B9CC2CA3290B00AC11B3 /* music_player_UIUITests.xctest */;
			productType = "com.apple.product-type.bundle.ui-testing";
		};
/* End PBXNativeTarget section */

/* Begin PBXProject section */
		F538B9AA2CA3290A00AC11B3 /* Project object */ = {
			isa = PBXProject;
			attributes = {
				BuildIndependentTargetsInParallel = 1;
				LastSwiftUpdateCheck = 1600;
				LastUpgradeCheck = 1600;
				TargetAttributes = {
					F538B9B12CA3290A00AC11B3 = {
						CreatedOnToolsVersion = 16.0;
					};
					F538B9C12CA3290B00AC11B3 = {
						CreatedOnToolsVersion = 16.0;
						TestTargetID = F538B9B12CA3290A00AC11B3;
					};
					F538B9CB2CA3290B00AC11B3 = {
						CreatedOnToolsVersion = 16.0;
						TestTargetID = F538B9B12CA3290A00AC11B3;
					};
				};
			};
			buildConfigurationList = F538B9AD2CA3290A00AC11B3 /* Build configuration list for PBXProject "music_player_UI" */;
			developmentRegion = en;
			hasScannedForEncodings = 0;
			knownRegions = (
				en,
				Base,
			);
			mainGroup = F538B9A92CA3290A00AC11B3;
			minimizedProjectReferenceProxies = 1;
			preferredProjectObjectVersion = 77;
			productRefGroup = F538B9B32CA3290A00AC11B3 /* Products */;
			projectDirPath = "";
			projectRoot = "";
			targets = (
				F538B9B12CA3290A00AC11B3 /* music_player_UI */,
				F538B9C12CA3290B00AC11B3 /* music_player_UITests */,
				F538B9CB2CA3290B00AC11B3 /* music_player_UIUITests */,
			);
		};
/* End PBXProject section */

/* Begin PBXResourcesBuildPhase section */
		F538B9B02CA3290A00AC11B3 /* Resources */ = {
			isa = PBXResourcesBuildPhase;
			buildActionMask = 2147483647;
			files = (
			);
			runOnlyForDeploymentPostprocessing = 0;
		};
		F538B9C02CA3290B00AC11B3 /* Resources */ = {
			isa = PBXResourcesBuildPhase;
			buildActionMask = 2147483647;
			files = (
			);
			runOnlyForDeploymentPostprocessing = 0;
		};
		F538B9CA2CA3290B00AC11B3 /* Resources */ = {
			isa = PBXResourcesBuildPhase;
			buildActionMask = 2147483647;
			files = (
			);
			runOnlyForDeploymentPostprocessing = 0;
		};
/* End PBXResourcesBuildPhase section */

/* Begin PBXSourcesBuildPhase section */
		F538B9AE2CA3290A00AC11B3 /* Sources */ = {
			isa = PBXSourcesBuildPhase;
			buildActionMask = 2147483647;
			files = (
			);
			runOnlyForDeploymentPostprocessing = 0;
		};
		F538B9BE2CA3290B00AC11B3 /* Sources */ = {
			isa = PBXSourcesBuildPhase;
			buildActionMask = 2147483647;
			files = (
			);
			runOnlyForDeploymentPostprocessing = 0;
		};
		F538B9C82CA3290B00AC11B3 /* Sources */ = {
			isa = PBXSourcesBuildPhase;
			buildActionMask = 2147483647;
			files = (
			);
			runOnlyForDeploymentPostprocessing = 0;
		};
/* End PBXSourcesBuildPhase section */

/* Begin PBXTargetDependency section */
		F538B9C42CA3290B00AC11B3 /* PBXTargetDependency */ = {
			isa = PBXTargetDependency;
			target = F538B9B12CA3290A00AC11B3 /* music_player_UI */;
			targetProxy = F538B9C32CA3290B00AC11B3 /* PBXContainerItemProxy */;
		};
		F538B9CE2CA3290B00AC11B3 /* PBXTargetDependency */ = {
			isa = PBXTargetDependency;
			target = F538B9B12CA3290A00AC11B3 /* music_player_UI */;
			targetProxy = F538B9CD2CA3290B00AC11B3 /* PBXContainerItemProxy */;
		};
/* End PBXTargetDependency section */

/* Begin XCBuildConfiguration section */
		F538B9D42CA3290B00AC11B3 /* Debug */ = {
			isa = XCBuildConfiguration;
			buildSettings = {
				ALWAYS_SEARCH_USER_PATHS = NO;
				ASSETCATALOG_COMPILER_GENERATE_SWIFT_ASSET_SYMBOL_EXTENSIONS = YES;
				CLANG_ANALYZER_NONNULL = YES;
				CLANG_ANALYZER_NUMBER_OBJECT_CONVERSION = YES_AGGRESSIVE;
				CLANG_CXX_LANGUAGE_STANDARD = "gnu++20";
				CLANG_ENABLE_MODULES = YES;
				CLANG_ENABLE_OBJC_ARC = YES;
				CLANG_ENABLE_OBJC_WEAK = YES;
				CLANG_WARN_BLOCK_CAPTURE_AUTORELEASING = YES;
				CLANG_WARN_BOOL_CONVERSION = YES;
				CLANG_WARN_COMMA = YES;
				CLANG_WARN_CONSTANT_CONVERSION = YES;
				CLANG_WARN_DEPRECATED_OBJC_IMPLEMENTATIONS = YES;
				CLANG_WARN_DIRECT_OBJC_ISA_USAGE = YES_ERROR;
				CLANG_WARN_DOCUMENTATION_COMMENTS = YES;
				CLANG_WARN_EMPTY_BODY = YES;
				CLANG_WARN_ENUM_CONVERSION = YES;
				CLANG_WARN_INFINITE_RECURSION = YES;
				CLANG_WARN_INT_CONVERSION = YES;
				CLANG_WARN_NON_LITERAL_NULL_CONVERSION = YES;
				CLANG_WARN_OBJC_IMPLICIT_RETAIN_SELF = YES;
				CLANG_WARN_OBJC_LITERAL_CONVERSION = YES;
				CLANG_WARN_OBJC_ROOT_CLASS = YES_ERROR;
				CLANG_WARN_QUOTED_INCLUDE_IN_FRAMEWORK_HEADER = YES;
				CLANG_WARN_RANGE_LOOP_ANALYSIS = YES;
				CLANG_WARN_STRICT_PROTOTYPES = YES;
				CLANG_WARN_SUSPICIOUS_MOVE = YES;
				CLANG_WARN_UNGUARDED_AVAILABILITY = YES_AGGRESSIVE;
				CLANG_WARN_UNREACHABLE_CODE = YES;
				CLANG_WARN__DUPLICATE_METHOD_MATCH = YES;
				COPY_PHASE_STRIP = NO;
				DEBUG_INFORMATION_FORMAT = dwarf;
				ENABLE_STRICT_OBJC_MSGSEND = YES;
				ENABLE_TESTABILITY = YES;
				ENABLE_USER_SCRIPT_SANDBOXING = YES;
				GCC_C_LANGUAGE_STANDARD = gnu17;
				GCC_DYNAMIC_NO_PIC = NO;
				GCC_NO_COMMON_BLOCKS = YES;
				GCC_OPTIMIZATION_LEVEL = 0;
				GCC_PREPROCESSOR_DEFINITIONS = (
					"DEBUG=1",
					"$(inherited)",
				);
				GCC_WARN_64_TO_32_BIT_CONVERSION = YES;
				GCC_WARN_ABOUT_RETURN_TYPE = YES_ERROR;
				GCC_WARN_UNDECLARED_SELECTOR = YES;
				GCC_WARN_UNINITIALIZED_AUTOS = YES_AGGRESSIVE;
				GCC_WARN_UNUSED_FUNCTION = YES;
				GCC_WARN_UNUSED_VARIABLE = YES;
				IPHONEOS_DEPLOYMENT_TARGET = 18.0;
				LOCALIZATION_PREFERS_STRING_CATALOGS = YES;
				MTL_ENABLE_DEBUG_INFO = INCLUDE_SOURCE;
				MTL_FAST_MATH = YES;
				ONLY_ACTIVE_ARCH = YES;
				SDKROOT = iphoneos;
				SWIFT_ACTIVE_COMPILATION_CONDITIONS = "DEBUG $(inherited)";
				SWIFT_OPTIMIZATION_LEVEL = "-Onone";
			};
			name = Debug;
		};
		F538B9D52CA3290B00AC11B3 /* Release */ = {
			isa = XCBuildConfiguration;
			buildSettings = {
				ALWAYS_SEARCH_USER_PATHS = NO;
				ASSETCATALOG_COMPILER_GENERATE_SWIFT_ASSET_SYMBOL_EXTENSIONS = YES;
				CLANG_ANALYZER_NONNULL = YES;
				CLANG_ANALYZER_NUMBER_OBJECT_CONVERSION = YES_AGGRESSIVE;
				CLANG_CXX_LANGUAGE_STANDARD = "gnu++20";
				CLANG_ENABLE_MODULES = YES;
				CLANG_ENABLE_OBJC_ARC = YES;
				CLANG_ENABLE_OBJC_WEAK = YES;
				CLANG_WARN_BLOCK_CAPTURE_AUTORELEASING = YES;
				CLANG_WARN_BOOL_CONVERSION = YES;
				CLANG_WARN_COMMA = YES;
				CLANG_WARN_CONSTANT_CONVERSION = YES;
				CLANG_WARN_DEPRECATED_OBJC_IMPLEMENTATIONS = YES;
				CLANG_WARN_DIRECT_OBJC_ISA_USAGE = YES_ERROR;
				CLANG_WARN_DOCUMENTATION_COMMENTS = YES;
				CLANG_WARN_EMPTY_BODY = YES;
				CLANG_WARN_ENUM_CONVERSION = YES;
				CLANG_WARN_INFINITE_RECURSION = YES;
				CLANG_WARN_INT_CONVERSION = YES;
				CLANG_WARN_NON_LITERAL_NULL_CONVERSION = YES;
				CLANG_WARN_OBJC_IMPLICIT_RETAIN_SELF = YES;
				CLANG_WARN_OBJC_LITERAL_CONVERSION = YES;
				CLANG_WARN_OBJC_ROOT_CLASS = YES_ERROR;
				CLANG_WARN_QUOTED_INCLUDE_IN_FRAMEWORK_HEADER = YES;
				CLANG_WARN_RANGE_LOOP_ANALYSIS = YES;
				CLANG_WARN_STRICT_PROTOTYPES = YES;
				CLANG_WARN_SUSPICIOUS_MOVE = YES;
				CLANG_WARN_UNGUARDED_AVAILABILITY = YES_AGGRESSIVE;
				CLANG_WARN_UNREACHABLE_CODE = YES;
				CLANG_WARN__DUPLICATE_METHOD_MATCH = YES;
				COPY_PHASE_STRIP = NO;
				DEBUG_INFORMATION_FORMAT = "dwarf-with-dsym";
				ENABLE_NS_ASSERTIONS = NO;
				ENABLE_STRICT_OBJC_MSGSEND = YES;
				ENABLE_USER_SCRIPT_SANDBOXING = YES;
				GCC_C_LANGUAGE_STANDARD = gnu17;
				GCC_NO_COMMON_BLOCKS = YES;
				GCC_WARN_64_TO_32_BIT_CONVERSION = YES;
				GCC_WARN_ABOUT_RETURN_TYPE = YES_ERROR;
				GCC_WARN_UNDECLARED_SELECTOR = YES;
				GCC_WARN_UNINITIALIZED_AUTOS = YES_AGGRESSIVE;
				GCC_WARN_UNUSED_FUNCTION = YES;
				GCC_WARN_UNUSED_VARIABLE = YES;
				IPHONEOS_DEPLOYMENT_TARGET = 18.0;
				LOCALIZATION_PREFERS_STRING_CATALOGS = YES;
				MTL_ENABLE_DEBUG_INFO = NO;
				MTL_FAST_MATH = YES;
				SDKROOT = iphoneos;
				SWIFT_COMPILATION_MODE = wholemodule;
				VALIDATE_PRODUCT = YES;
			};
			name = Release;
		};
		F538B9D72CA3290B00AC11B3 /* Debug */ = {
			isa = XCBuildConfiguration;
			buildSettings = {
				ASSETCATALOG_COMPILER_APPICON_NAME = AppIcon;
				ASSETCATALOG_COMPILER_GLOBAL_ACCENT_COLOR_NAME = AccentColor;
				CODE_SIGN_STYLE = Automatic;
				CURRENT_PROJECT_VERSION = 1;
				DEVELOPMENT_ASSET_PATHS = "\"music_player_UI/Preview Content\"";
				ENABLE_PREVIEWS = YES;
				GENERATE_INFOPLIST_FILE = YES;
				INFOPLIST_KEY_UIApplicationSceneManifest_Generation = YES;
				INFOPLIST_KEY_UIApplicationSupportsIndirectInputEvents = YES;
				INFOPLIST_KEY_UILaunchScreen_Generation = YES;
				INFOPLIST_KEY_UISupportedInterfaceOrientations_iPad = "UIInterfaceOrientationPortrait UIInterfaceOrientationPortraitUpsideDown UIInterfaceOrientationLandscapeLeft UIInterfaceOrientationLandscapeRight";
				INFOPLIST_KEY_UISupportedInterfaceOrientations_iPhone = "UIInterfaceOrientationPortrait UIInterfaceOrientationLandscapeLeft UIInterfaceOrientationLandscapeRight";
				LD_RUNPATH_SEARCH_PATHS = (
					"$(inherited)",
					"@executable_path/Frameworks",
				);
				MARKETING_VERSION = 1.0;
				PRODUCT_BUNDLE_IDENTIFIER = "App-Team.music-player-UI";
				PRODUCT_NAME = "$(TARGET_NAME)";
				SWIFT_EMIT_LOC_STRINGS = YES;
				SWIFT_VERSION = 5.0;
				TARGETED_DEVICE_FAMILY = "1,2";
			};
			name = Debug;
		};
		F538B9D82CA3290B00AC11B3 /* Release */ = {
			isa = XCBuildConfiguration;
			buildSettings = {
				ASSETCATALOG_COMPILER_APPICON_NAME = AppIcon;
				ASSETCATALOG_COMPILER_GLOBAL_ACCENT_COLOR_NAME = AccentColor;
				CODE_SIGN_STYLE = Automatic;
				CURRENT_PROJECT_VERSION = 1;
				DEVELOPMENT_ASSET_PATHS = "\"music_player_UI/Preview Content\"";
				ENABLE_PREVIEWS = YES;
				GENERATE_INFOPLIST_FILE = YES;
				INFOPLIST_KEY_UIApplicationSceneManifest_Generation = YES;
				INFOPLIST_KEY_UIApplicationSupportsIndirectInputEvents = YES;
				INFOPLIST_KEY_UILaunchScreen_Generation = YES;
				INFOPLIST_KEY_UISupportedInterfaceOrientations_iPad = "UIInterfaceOrientationPortrait UIInterfaceOrientationPortraitUpsideDown UIInterfaceOrientationLandscapeLeft UIInterfaceOrientationLandscapeRight";
				INFOPLIST_KEY_UISupportedInterfaceOrientations_iPhone = "UIInterfaceOrientationPortrait UIInterfaceOrientationLandscapeLeft UIInterfaceOrientationLandscapeRight";
				LD_RUNPATH_SEARCH_PATHS = (
					"$(inherited)",
					"@executable_path/Frameworks",
				);
				MARKETING_VERSION = 1.0;
				PRODUCT_BUNDLE_IDENTIFIER = "App-Team.music-player-UI";
				PRODUCT_NAME = "$(TARGET_NAME)";
				SWIFT_EMIT_LOC_STRINGS = YES;
				SWIFT_VERSION = 5.0;
				TARGETED_DEVICE_FAMILY = "1,2";
			};
			name = Release;
		};
		F538B9DA2CA3290B00AC11B3 /* Debug */ = {
			isa = XCBuildConfiguration;
			buildSettings = {
				BUNDLE_LOADER = "$(TEST_HOST)";
				CODE_SIGN_STYLE = Automatic;
				CURRENT_PROJECT_VERSION = 1;
				GENERATE_INFOPLIST_FILE = YES;
				IPHONEOS_DEPLOYMENT_TARGET = 18.0;
				MARKETING_VERSION = 1.0;
				PRODUCT_BUNDLE_IDENTIFIER = "App-Team.music-player-UITests";
				PRODUCT_NAME = "$(TARGET_NAME)";
				SWIFT_EMIT_LOC_STRINGS = NO;
				SWIFT_VERSION = 5.0;
				TARGETED_DEVICE_FAMILY = "1,2";
				TEST_HOST = "$(BUILT_PRODUCTS_DIR)/music_player_UI.app/$(BUNDLE_EXECUTABLE_FOLDER_PATH)/music_player_UI";
			};
			name = Debug;
		};
		F538B9DB2CA3290B00AC11B3 /* Release */ = {
			isa = XCBuildConfiguration;
			buildSettings = {
				BUNDLE_LOADER = "$(TEST_HOST)";
				CODE_SIGN_STYLE = Automatic;
				CURRENT_PROJECT_VERSION = 1;
				GENERATE_INFOPLIST_FILE = YES;
				IPHONEOS_DEPLOYMENT_TARGET = 18.0;
				MARKETING_VERSION = 1.0;
				PRODUCT_BUNDLE_IDENTIFIER = "App-Team.music-player-UITests";
				PRODUCT_NAME = "$(TARGET_NAME)";
				SWIFT_EMIT_LOC_STRINGS = NO;
				SWIFT_VERSION = 5.0;
				TARGETED_DEVICE_FAMILY = "1,2";
				TEST_HOST = "$(BUILT_PRODUCTS_DIR)/music_player_UI.app/$(BUNDLE_EXECUTABLE_FOLDER_PATH)/music_player_UI";
			};
			name = Release;
		};
		F538B9DD2CA3290B00AC11B3 /* Debug */ = {
			isa = XCBuildConfiguration;
			buildSettings = {
				CODE_SIGN_STYLE = Automatic;
				CURRENT_PROJECT_VERSION = 1;
				GENERATE_INFOPLIST_FILE = YES;
				MARKETING_VERSION = 1.0;
				PRODUCT_BUNDLE_IDENTIFIER = "App-Team.music-player-UIUITests";
				PRODUCT_NAME = "$(TARGET_NAME)";
				SWIFT_EMIT_LOC_STRINGS = NO;
				SWIFT_VERSION = 5.0;
				TARGETED_DEVICE_FAMILY = "1,2";
				TEST_TARGET_NAME = music_player_UI;
			};
			name = Debug;
		};
		F538B9DE2CA3290B00AC11B3 /* Release */ = {
			isa = XCBuildConfiguration;
			buildSettings = {
				CODE_SIGN_STYLE = Automatic;
				CURRENT_PROJECT_VERSION = 1;
				GENERATE_INFOPLIST_FILE = YES;
				MARKETING_VERSION = 1.0;
				PRODUCT_BUNDLE_IDENTIFIER = "App-Team.music-player-UIUITests";
				PRODUCT_NAME = "$(TARGET_NAME)";
				SWIFT_EMIT_LOC_STRINGS = NO;
				SWIFT_VERSION = 5.0;
				TARGETED_DEVICE_FAMILY = "1,2";
				TEST_TARGET_NAME = music_player_UI;
			};
			name = Release;
		};
/* End XCBuildConfiguration section */

/* Begin XCConfigurationList section */
		F538B9AD2CA3290A00AC11B3 /* Build configuration list for PBXProject "music_player_UI" */ = {
			isa = XCConfigurationList;
			buildConfigurations = (
				F538B9D42CA3290B00AC11B3 /* Debug */,
				F538B9D52CA3290B00AC11B3 /* Release */,
			);
			defaultConfigurationIsVisible = 0;
			defaultConfigurationName = Release;
		};
		F538B9D62CA3290B00AC11B3 /* Build configuration list for PBXNativeTarget "music_player_UI" */ = {
			isa = XCConfigurationList;
			buildConfigurations = (
				F538B9D72CA3290B00AC11B3 /* Debug */,
				F538B9D82CA3290B00AC11B3 /* Release */,
			);
			defaultConfigurationIsVisible = 0;
			defaultConfigurationName = Release;
		};
		F538B9D92CA3290B00AC11B3 /* Build configuration list for PBXNativeTarget "music_player_UITests" */ = {
			isa = XCConfigurationList;
			buildConfigurations = (
				F538B9DA2CA3290B00AC11B3 /* Debug */,
				F538B9DB2CA3290B00AC11B3 /* Release */,
			);
			defaultConfigurationIsVisible = 0;
			defaultConfigurationName = Release;
		};
		F538B9DC2CA3290B00AC11B3 /* Build configuration list for PBXNativeTarget "music_player_UIUITests" */ = {
			isa = XCConfigurationList;
			buildConfigurations = (
				F538B9DD2CA3290B00AC11B3 /* Debug */,
				F538B9DE2CA3290B00AC11B3 /* Release */,
			);
			defaultConfigurationIsVisible = 0;
			defaultConfigurationName = Release;
		};
/* End XCConfigurationList section */
	};
	rootObject = F538B9AA2CA3290A00AC11B3 /* Project object */;
}
